{
  "name": "01-basics",
  "version": "1.0.0",
  "lockfileVersion": 1,
  "requires": true,
  "dependencies": {
    "bangla-tarikh": {
      "version": "1.0.5",
      "resolved": "https://registry.npmjs.org/bangla-tarikh/-/bangla-tarikh-1.0.5.tgz",
      "integrity": "sha512-YAL1q16K9nTWuR9b9hMPC6EQu1S7DB5S5yuAiGd2UpyYoI2EEU3G2xFFCPA4cm79ZxLh3VRhmJSMxDA+V1HQtg=="
    }
  }
}
